Microsoft Visual Studio Solution File, Format Version 12.00
# Visual Studio 2012
Project("{FAE04EC0-301F-11D3-BF4B-00C04F79EFBC}") = "A Witchs Path", "A Witchs Path.csproj", "{B5D54FEA-7407-4B0F-B128-F38CA7E04978}"
EndProject
Global
	GlobalSection(SolutionConfigurationPlatforms) = preSolution
	Debug|Any CPU = Debug|Any CPU
	ExportDebug|Any CPU = ExportDebug|Any CPU
	ExportRelease|Any CPU = ExportRelease|Any CPU
	EndGlobalSection
	GlobalSection(ProjectConfigurationPlatforms) = postSolution
		{B5D54FEA-7407-4B0F-B128-F38CA7E04978}.Debug|Any CPU.ActiveCfg = Debug|Any CPU
		{B5D54FEA-7407-4B0F-B128-F38CA7E04978}.Debug|Any CPU.Build.0 = Debug|Any CPU
		{B5D54FEA-7407-4B0F-B128-F38CA7E04978}.ExportDebug|Any CPU.ActiveCfg = ExportDebug|Any CPU
		{B5D54FEA-7407-4B0F-B128-F38CA7E04978}.ExportDebug|Any CPU.Build.0 = ExportDebug|Any CPU
		{B5D54FEA-7407-4B0F-B128-F38CA7E04978}.ExportRelease|Any CPU.ActiveCfg = ExportRelease|Any CPU
		{B5D54FEA-7407-4B0F-B128-F38CA7E04978}.ExportRelease|Any CPU.Build.0 = ExportRelease|Any CPU
	EndGlobalSection
EndGlobal
